
Microsoft Visual Studio Solution File, Format Version 12.00
# Visual Studio 15
VisualStudioVersion = 15.0.28010.2016
MinimumVisualStudioVersion = 10.0.40219.1
Project("{FAE04EC0-301F-11D3-BF4B-00C04F79EFBC}") = "FotbalGest", "FotbalGest\FotbalGest.csproj", "{8E1C4B22-4B49-4DDA-A429-49BF672F143D}"
EndProject
Global
	GlobalSection(SolutionConfigurationPlatforms) = preSolution
		Debug|Any CPU = Debug|Any CPU
		Release|Any CPU = Release|Any CPU
	EndGlobalSection
	GlobalSection(ProjectConfigurationPlatforms) = postSolution
		{8E1C4B22-4B49-4DDA-A429-49BF672F143D}.Debug|Any CPU.ActiveCfg = Debug|Any CPU
		{8E1C4B22-4B49-4DDA-A429-49BF672F143D}.Debug|Any CPU.Build.0 = Debug|Any CPU
		{8E1C4B22-4B49-4DDA-A429-49BF672F143D}.Release|Any CPU.ActiveCfg = Release|Any CPU
		{8E1C4B22-4B49-4DDA-A429-49BF672F143D}.Release|Any CPU.Build.0 = Release|Any CPU
	EndGlobalSection
	GlobalSection(SolutionProperties) = preSolution
		HideSolutionNode = FALSE
	EndGlobalSection
	GlobalSection(ExtensibilityGlobals) = postSolution
		SolutionGuid = {94C9F413-97DD-428F-A5A2-4270F641A340}
	EndGlobalSection
EndGlobal
